// !$*UTF8*$!
{
	archiveVersion = 1;
	classes = {
	};
	objectVersion = 56;
	objects = {

/* Begin PBXBuildFile section */
		2C2627B62B14E8D6000DDD38 /* ShowMoreView.swift in Sources */ = {isa = PBXBuildFile; fileRef = 2C2627B52B14E8D6000DDD38 /* ShowMoreView.swift */; };
		2C2627B82B14F918000DDD38 /* TriageMeasures.swift in Sources */ = {isa = PBXBuildFile; fileRef = 2C2627B72B14F918000DDD38 /* TriageMeasures.swift */; };
		2C2627BC2B1669D2000DDD38 /* Network.swift in Sources */ = {isa = PBXBuildFile; fileRef = 2C2627BB2B1669D2000DDD38 /* Network.swift */; };
		2C2627C22B18DFA3000DDD38 /* User.swift in Sources */ = {isa = PBXBuildFile; fileRef = 2C2627C12B18DFA3000DDD38 /* User.swift */; };
		2C2627C42B20ECE1000DDD38 /* HeartrateManager.swift in Sources */ = {isa = PBXBuildFile; fileRef = 2C2627C32B20ECE1000DDD38 /* HeartrateManager.swift */; };
		2C2627C72B2A0FD4000DDD38 /* AVCaptureDevice.swift in Sources */ = {isa = PBXBuildFile; fileRef = 2C2627C62B2A0FD4000DDD38 /* AVCaptureDevice.swift */; };
		2C2627C92B2B5873000DDD38 /* PulseViewController.swift in Sources */ = {isa = PBXBuildFile; fileRef = 2C2627C82B2B5873000DDD38 /* PulseViewController.swift */; };
		2C2627CB2B2B58C3000DDD38 /* PulseDetector.swift in Sources */ = {isa = PBXBuildFile; fileRef = 2C2627CA2B2B58C3000DDD38 /* PulseDetector.swift */; };
		2C2627CD2B2B58D9000DDD38 /* Filter.swift in Sources */ = {isa = PBXBuildFile; fileRef = 2C2627CC2B2B58D9000DDD38 /* Filter.swift */; };
		2C2627CF2B2B5969000DDD38 /* ColorUtils.swift in Sources */ = {isa = PBXBuildFile; fileRef = 2C2627CE2B2B5969000DDD38 /* ColorUtils.swift */; };
		2C2627D72B2B5F54000DDD38 /* PulseViewController.xib in Resources */ = {isa = PBXBuildFile; fileRef = 2C2627D62B2B5F54000DDD38 /* PulseViewController.xib */; };
		2C7936CE2B51A7C200CBB408 /* Login.swift in Sources */ = {isa = PBXBuildFile; fileRef = 2C7936CD2B51A7C200CBB408 /* Login.swift */; };
		2C7936D02B55A1C100CBB408 /* NetworkConfigurator.swift in Sources */ = {isa = PBXBuildFile; fileRef = 2C7936CF2B55A1C100CBB408 /* NetworkConfigurator.swift */; };
		2CBFD49E2B06A91000BDD99C /* Measures.swift in Sources */ = {isa = PBXBuildFile; fileRef = 2CBFD49D2B06A91000BDD99C /* Measures.swift */; };
		2CBFD4A02B07F20300BDD99C /* MeasureView.swift in Sources */ = {isa = PBXBuildFile; fileRef = 2CBFD49F2B07F20300BDD99C /* MeasureView.swift */; };
		2CBFD4A22B0BB36D00BDD99C /* TriageView.swift in Sources */ = {isa = PBXBuildFile; fileRef = 2CBFD4A12B0BB36D00BDD99C /* TriageView.swift */; };
		2CBFD4A42B0CB9C300BDD99C /* ARHelpView.swift in Sources */ = {isa = PBXBuildFile; fileRef = 2CBFD4A32B0CB9C300BDD99C /* ARHelpView.swift */; };
		2CE6509C2B066B7C00D17A73 /* CarelineSwiftyApp.swift in Sources */ = {isa = PBXBuildFile; fileRef = 2CE6509B2B066B7C00D17A73 /* CarelineSwiftyApp.swift */; };
		2CE6509E2B066B7C00D17A73 /* ContentView.swift in Sources */ = {isa = PBXBuildFile; fileRef = 2CE6509D2B066B7C00D17A73 /* ContentView.swift */; };
		2CE650A02B066B7F00D17A73 /* Assets.xcassets in Resources */ = {isa = PBXBuildFile; fileRef = 2CE6509F2B066B7F00D17A73 /* Assets.xcassets */; };
		2CE650A32B066B7F00D17A73 /* Preview Assets.xcassets in Resources */ = {isa = PBXBuildFile; fileRef = 2CE650A22B066B7F00D17A73 /* Preview Assets.xcassets */; };
/* End PBXBuildFile section */

/* Begin PBXFileReference section */
		2C2627B52B14E8D6000DDD38 /* ShowMoreView.swift */ = {isa = PBXFileReference; lastKnownFileType = sourcecode.swift; path = ShowMoreView.swift; sourceTree = "<group>"; };
		2C2627B72B14F918000DDD38 /* TriageMeasures.swift */ = {isa = PBXFileReference; lastKnownFileType = sourcecode.swift; path = TriageMeasures.swift; sourceTree = "<group>"; };
		2C2627B92B163E4B000DDD38 /* CarelineSwifty.entitlements */ = {isa = PBXFileReference; lastKnownFileType = text.plist.entitlements; path = CarelineSwifty.entitlements; sourceTree = "<group>"; };
		2C2627BA2B164CC2000DDD38 /* Info.plist */ = {isa = PBXFileReference; lastKnownFileType = text.plist; path = Info.plist; sourceTree = "<group>"; };
		2C2627BB2B1669D2000DDD38 /* Network.swift */ = {isa = PBXFileReference; lastKnownFileType = sourcecode.swift; path = Network.swift; sourceTree = "<group>"; };
		2C2627C12B18DFA3000DDD38 /* User.swift */ = {isa = PBXFileReference; lastKnownFileType = sourcecode.swift; path = User.swift; sourceTree = "<group>"; };
		2C2627C32B20ECE1000DDD38 /* HeartrateManager.swift */ = {isa = PBXFileReference; lastKnownFileType = sourcecode.swift; path = HeartrateManager.swift; sourceTree = "<group>"; };
		2C2627C62B2A0FD4000DDD38 /* AVCaptureDevice.swift */ = {isa = PBXFileReference; lastKnownFileType = sourcecode.swift; path = AVCaptureDevice.swift; sourceTree = "<group>"; };
		2C2627C82B2B5873000DDD38 /* PulseViewController.swift */ = {isa = PBXFileReference; lastKnownFileType = sourcecode.swift; path = PulseViewController.swift; sourceTree = "<group>"; };
		2C2627CA2B2B58C3000DDD38 /* PulseDetector.swift */ = {isa = PBXFileReference; lastKnownFileType = sourcecode.swift; path = PulseDetector.swift; sourceTree = "<group>"; };
		2C2627CC2B2B58D9000DDD38 /* Filter.swift */ = {isa = PBXFileReference; lastKnownFileType = sourcecode.swift; path = Filter.swift; sourceTree = "<group>"; };
		2C2627CE2B2B5969000DDD38 /* ColorUtils.swift */ = {isa = PBXFileReference; lastKnownFileType = sourcecode.swift; path = ColorUtils.swift; sourceTree = "<group>"; };
		2C2627D62B2B5F54000DDD38 /* PulseViewController.xib */ = {isa = PBXFileReference; fileEncoding = 4; lastKnownFileType = file.xib; name = PulseViewController.xib; path = ../../../../../../.Trash/PulseViewController.xib; sourceTree = "<group>"; };
		2C7936CD2B51A7C200CBB408 /* Login.swift */ = {isa = PBXFileReference; lastKnownFileType = sourcecode.swift; path = Login.swift; sourceTree = "<group>"; };
		2C7936CF2B55A1C100CBB408 /* NetworkConfigurator.swift */ = {isa = PBXFileReference; lastKnownFileType = sourcecode.swift; path = NetworkConfigurator.swift; sourceTree = "<group>"; };
		2CBFD49D2B06A91000BDD99C /* Measures.swift */ = {isa = PBXFileReference; lastKnownFileType = sourcecode.swift; path = Measures.swift; sourceTree = "<group>"; };
		2CBFD49F2B07F20300BDD99C /* MeasureView.swift */ = {isa = PBXFileReference; lastKnownFileType = sourcecode.swift; path = MeasureView.swift; sourceTree = "<group>"; };
		2CBFD4A12B0BB36D00BDD99C /* TriageView.swift */ = {isa = PBXFileReference; lastKnownFileType = sourcecode.swift; path = TriageView.swift; sourceTree = "<group>"; };
		2CBFD4A32B0CB9C300BDD99C /* ARHelpView.swift */ = {isa = PBXFileReference; lastKnownFileType = sourcecode.swift; path = ARHelpView.swift; sourceTree = "<group>"; };
		2CE650982B066B7C00D17A73 /* CarelineSwifty.app */ = {isa = PBXFileReference; explicitFileType = wrapper.application; includeInIndex = 0; path = CarelineSwifty.app; sourceTree = BUILT_PRODUCTS_DIR; };
		2CE6509B2B066B7C00D17A73 /* CarelineSwiftyApp.swift */ = {isa = PBXFileReference; lastKnownFileType = sourcecode.swift; path = CarelineSwiftyApp.swift; sourceTree = "<group>"; };
		2CE6509D2B066B7C00D17A73 /* ContentView.swift */ = {isa = PBXFileReference; lastKnownFileType = sourcecode.swift; path = ContentView.swift; sourceTree = "<group>"; };
		2CE6509F2B066B7F00D17A73 /* Assets.xcassets */ = {isa = PBXFileReference; lastKnownFileType = folder.assetcatalog; path = Assets.xcassets; sourceTree = "<group>"; };
		2CE650A22B066B7F00D17A73 /* Preview Assets.xcassets */ = {isa = PBXFileReference; lastKnownFileType = folder.assetcatalog; path = "Preview Assets.xcassets"; sourceTree = "<group>"; };
/* End PBXFileReference section */

/* Begin PBXFrameworksBuildPhase section */
		2CE650952B066B7C00D17A73 /* Frameworks */ = {
			isa = PBXFrameworksBuildPhase;
			buildActionMask = 2147483647;
			files = (
			);
			runOnlyForDeploymentPostprocessing = 0;
		};
/* End PBXFrameworksBuildPhase section */

/* Begin PBXGroup section */
		2C2627C52B2A0F19000DDD38 /* Heart Rate Measurement */ = {
			isa = PBXGroup;
			children = (
				2C2627C32B20ECE1000DDD38 /* HeartrateManager.swift */,
				2C2627C62B2A0FD4000DDD38 /* AVCaptureDevice.swift */,
				2C2627C82B2B5873000DDD38 /* PulseViewController.swift */,
				2C2627CA2B2B58C3000DDD38 /* PulseDetector.swift */,
				2C2627CC2B2B58D9000DDD38 /* Filter.swift */,
				2C2627CE2B2B5969000DDD38 /* ColorUtils.swift */,
				2C2627D62B2B5F54000DDD38 /* PulseViewController.xib */,
			);
			path = "Heart Rate Measurement";
			sourceTree = "<group>";
		};
		2C8A17F72B473BEA00C60E71 /* Frameworks */ = {
			isa = PBXGroup;
			children = (
			);
			name = Frameworks;
			sourceTree = "<group>";
		};
		2CE6508F2B066B7C00D17A73 = {
			isa = PBXGroup;
			children = (
				2CE6509A2B066B7C00D17A73 /* CarelineSwifty */,
				2CE650992B066B7C00D17A73 /* Products */,
				2C8A17F72B473BEA00C60E71 /* Frameworks */,
			);
			sourceTree = "<group>";
		};
		2CE650992B066B7C00D17A73 /* Products */ = {
			isa = PBXGroup;
			children = (
				2CE650982B066B7C00D17A73 /* CarelineSwifty.app */,
			);
			name = Products;
			sourceTree = "<group>";
		};
		2CE6509A2B066B7C00D17A73 /* CarelineSwifty */ = {
			isa = PBXGroup;
			children = (
				2C2627BA2B164CC2000DDD38 /* Info.plist */,
				2C2627B92B163E4B000DDD38 /* CarelineSwifty.entitlements */,
				2CE6509B2B066B7C00D17A73 /* CarelineSwiftyApp.swift */,
				2CE6509D2B066B7C00D17A73 /* ContentView.swift */,
				2C7936CD2B51A7C200CBB408 /* Login.swift */,
				2CBFD4A12B0BB36D00BDD99C /* TriageView.swift */,
				2C2627B72B14F918000DDD38 /* TriageMeasures.swift */,
				2C2627C12B18DFA3000DDD38 /* User.swift */,
				2C2627B52B14E8D6000DDD38 /* ShowMoreView.swift */,
				2CBFD49D2B06A91000BDD99C /* Measures.swift */,
				2C2627BB2B1669D2000DDD38 /* Network.swift */,
				2C7936CF2B55A1C100CBB408 /* NetworkConfigurator.swift */,
				2CE6509F2B066B7F00D17A73 /* Assets.xcassets */,
				2CE650A12B066B7F00D17A73 /* Preview Content */,
				2CBFD49F2B07F20300BDD99C /* MeasureView.swift */,
				2CBFD4A32B0CB9C300BDD99C /* ARHelpView.swift */,
				2C2627C52B2A0F19000DDD38 /* Heart Rate Measurement */,
			);
			path = CarelineSwifty;
			sourceTree = "<group>";
		};
		2CE650A12B066B7F00D17A73 /* Preview Content */ = {
			isa = PBXGroup;
			children = (
				2CE650A22B066B7F00D17A73 /* Preview Assets.xcassets */,
			);
			path = "Preview Content";
			sourceTree = "<group>";
		};
/* End PBXGroup section */

/* Begin PBXNativeTarget section */
		2CE650972B066B7C00D17A73 /* CarelineSwifty */ = {
			isa = PBXNativeTarget;
			buildConfigurationList = 2CE650A62B066B7F00D17A73 /* Build configuration list for PBXNativeTarget "CarelineSwifty" */;
			buildPhases = (
				2CE650942B066B7C00D17A73 /* Sources */,
				2CE650952B066B7C00D17A73 /* Frameworks */,
				2CE650962B066B7C00D17A73 /* Resources */,
			);
			buildRules = (
			);
			dependencies = (
			);
			name = CarelineSwifty;
			productName = CarelineSwifty;
			productReference = 2CE650982B066B7C00D17A73 /* CarelineSwifty.app */;
			productType = "com.apple.product-type.application";
		};
/* End PBXNativeTarget section */

/* Begin PBXProject section */
		2CE650902B066B7C00D17A73 /* Project object */ = {
			isa = PBXProject;
			attributes = {
				BuildIndependentTargetsInParallel = 1;
				LastSwiftUpdateCheck = 1500;
				LastUpgradeCheck = 1500;
				TargetAttributes = {
					2CE650972B066B7C00D17A73 = {
						CreatedOnToolsVersion = 15.0;
					};
				};
			};
			buildConfigurationList = 2CE650932B066B7C00D17A73 /* Build configuration list for PBXProject "CarelineSwiftly" */;
			compatibilityVersion = "Xcode 14.0";
			developmentRegion = en;
			hasScannedForEncodings = 0;
			knownRegions = (
				en,
				Base,
			);
			mainGroup = 2CE6508F2B066B7C00D17A73;
			productRefGroup = 2CE650992B066B7C00D17A73 /* Products */;
			projectDirPath = "";
			projectRoot = "";
			targets = (
				2CE650972B066B7C00D17A73 /* CarelineSwifty */,
			);
		};
/* End PBXProject section */

/* Begin PBXResourcesBuildPhase section */
		2CE650962B066B7C00D17A73 /* Resources */ = {
			isa = PBXResourcesBuildPhase;
			buildActionMask = 2147483647;
			files = (
				2C2627D72B2B5F54000DDD38 /* PulseViewController.xib in Resources */,
				2CE650A32B066B7F00D17A73 /* Preview Assets.xcassets in Resources */,
				2CE650A02B066B7F00D17A73 /* Assets.xcassets in Resources */,
			);
			runOnlyForDeploymentPostprocessing = 0;
		};
/* End PBXResourcesBuildPhase section */

/* Begin PBXSourcesBuildPhase section */
		2CE650942B066B7C00D17A73 /* Sources */ = {
			isa = PBXSourcesBuildPhase;
			buildActionMask = 2147483647;
			files = (
				2C2627B82B14F918000DDD38 /* TriageMeasures.swift in Sources */,
				2C7936CE2B51A7C200CBB408 /* Login.swift in Sources */,
				2C2627CD2B2B58D9000DDD38 /* Filter.swift in Sources */,
				2CE6509E2B066B7C00D17A73 /* ContentView.swift in Sources */,
				2C2627B62B14E8D6000DDD38 /* ShowMoreView.swift in Sources */,
				2C7936D02B55A1C100CBB408 /* NetworkConfigurator.swift in Sources */,
				2C2627CB2B2B58C3000DDD38 /* PulseDetector.swift in Sources */,
				2C2627C72B2A0FD4000DDD38 /* AVCaptureDevice.swift in Sources */,
				2C2627C22B18DFA3000DDD38 /* User.swift in Sources */,
				2CBFD4A22B0BB36D00BDD99C /* TriageView.swift in Sources */,
				2CBFD4A02B07F20300BDD99C /* MeasureView.swift in Sources */,
				2C2627BC2B1669D2000DDD38 /* Network.swift in Sources */,
				2CE6509C2B066B7C00D17A73 /* CarelineSwiftyApp.swift in Sources */,
				2C2627CF2B2B5969000DDD38 /* ColorUtils.swift in Sources */,
				2C2627C42B20ECE1000DDD38 /* HeartrateManager.swift in Sources */,
				2CBFD49E2B06A91000BDD99C /* Measures.swift in Sources */,
				2CBFD4A42B0CB9C300BDD99C /* ARHelpView.swift in Sources */,
				2C2627C92B2B5873000DDD38 /* PulseViewController.swift in Sources */,
			);
			runOnlyForDeploymentPostprocessing = 0;
		};
/* End PBXSourcesBuildPhase section */

/* Begin XCBuildConfiguration section */
		2CE650A42B066B7F00D17A73 /* Debug */ = {
			isa = XCBuildConfiguration;
			buildSettings = {
				ALWAYS_SEARCH_USER_PATHS = NO;
				ASSETCATALOG_COMPILER_GENERATE_SWIFT_ASSET_SYMBOL_EXTENSIONS = YES;
				CLANG_ANALYZER_NONNULL = YES;
				CLANG_ANALYZER_NUMBER_OBJECT_CONVERSION = YES_AGGRESSIVE;
				CLANG_CXX_LANGUAGE_STANDARD = "gnu++20";
				CLANG_ENABLE_MODULES = YES;
				CLANG_ENABLE_OBJC_ARC = YES;
				CLANG_ENABLE_OBJC_WEAK = YES;
				CLANG_WARN_BLOCK_CAPTURE_AUTORELEASING = YES;
				CLANG_WARN_BOOL_CONVERSION = YES;
				CLANG_WARN_COMMA = YES;
				CLANG_WARN_CONSTANT_CONVERSION = YES;
				CLANG_WARN_DEPRECATED_OBJC_IMPLEMENTATIONS = YES;
				CLANG_WARN_DIRECT_OBJC_ISA_USAGE = YES_ERROR;
				CLANG_WARN_DOCUMENTATION_COMMENTS = YES;
				CLANG_WARN_EMPTY_BODY = YES;
				CLANG_WARN_ENUM_CONVERSION = YES;
				CLANG_WARN_INFINITE_RECURSION = YES;
				CLANG_WARN_INT_CONVERSION = YES;
				CLANG_WARN_NON_LITERAL_NULL_CONVERSION = YES;
				CLANG_WARN_OBJC_IMPLICIT_RETAIN_SELF = YES;
				CLANG_WARN_OBJC_LITERAL_CONVERSION = YES;
				CLANG_WARN_OBJC_ROOT_CLASS = YES_ERROR;
				CLANG_WARN_QUOTED_INCLUDE_IN_FRAMEWORK_HEADER = YES;
				CLANG_WARN_RANGE_LOOP_ANALYSIS = YES;
				CLANG_WARN_STRICT_PROTOTYPES = YES;
				CLANG_WARN_SUSPICIOUS_MOVE = YES;
				CLANG_WARN_UNGUARDED_AVAILABILITY = YES_AGGRESSIVE;
				CLANG_WARN_UNREACHABLE_CODE = YES;
				CLANG_WARN__DUPLICATE_METHOD_MATCH = YES;
				COPY_PHASE_STRIP = NO;
				DEBUG_INFORMATION_FORMAT = dwarf;
				ENABLE_STRICT_OBJC_MSGSEND = YES;
				ENABLE_TESTABILITY = YES;
				ENABLE_USER_SCRIPT_SANDBOXING = YES;
				GCC_C_LANGUAGE_STANDARD = gnu17;
				GCC_DYNAMIC_NO_PIC = NO;
				GCC_NO_COMMON_BLOCKS = YES;
				GCC_OPTIMIZATION_LEVEL = 0;
				GCC_PREPROCESSOR_DEFINITIONS = (
					"DEBUG=1",
					"$(inherited)",
				);
				GCC_WARN_64_TO_32_BIT_CONVERSION = YES;
				GCC_WARN_ABOUT_RETURN_TYPE = YES_ERROR;
				GCC_WARN_UNDECLARED_SELECTOR = YES;
				GCC_WARN_UNINITIALIZED_AUTOS = YES_AGGRESSIVE;
				GCC_WARN_UNUSED_FUNCTION = YES;
				GCC_WARN_UNUSED_VARIABLE = YES;
				IPHONEOS_DEPLOYMENT_TARGET = 17.0;
				LOCALIZATION_PREFERS_STRING_CATALOGS = YES;
				MTL_ENABLE_DEBUG_INFO = INCLUDE_SOURCE;
				MTL_FAST_MATH = YES;
				ONLY_ACTIVE_ARCH = YES;
				SDKROOT = iphoneos;
				SWIFT_ACTIVE_COMPILATION_CONDITIONS = "DEBUG $(inherited)";
				SWIFT_OPTIMIZATION_LEVEL = "-Onone";
			};
			name = Debug;
		};
		2CE650A52B066B7F00D17A73 /* Release */ = {
			isa = XCBuildConfiguration;
			buildSettings = {
				ALWAYS_SEARCH_USER_PATHS = NO;
				ASSETCATALOG_COMPILER_GENERATE_SWIFT_ASSET_SYMBOL_EXTENSIONS = YES;
				CLANG_ANALYZER_NONNULL = YES;
				CLANG_ANALYZER_NUMBER_OBJECT_CONVERSION = YES_AGGRESSIVE;
				CLANG_CXX_LANGUAGE_STANDARD = "gnu++20";
				CLANG_ENABLE_MODULES = YES;
				CLANG_ENABLE_OBJC_ARC = YES;
				CLANG_ENABLE_OBJC_WEAK = YES;
				CLANG_WARN_BLOCK_CAPTURE_AUTORELEASING = YES;
				CLANG_WARN_BOOL_CONVERSION = YES;
				CLANG_WARN_COMMA = YES;
				CLANG_WARN_CONSTANT_CONVERSION = YES;
				CLANG_WARN_DEPRECATED_OBJC_IMPLEMENTATIONS = YES;
				CLANG_WARN_DIRECT_OBJC_ISA_USAGE = YES_ERROR;
				CLANG_WARN_DOCUMENTATION_COMMENTS = YES;
				CLANG_WARN_EMPTY_BODY = YES;
				CLANG_WARN_ENUM_CONVERSION = YES;
				CLANG_WARN_INFINITE_RECURSION = YES;
				CLANG_WARN_INT_CONVERSION = YES;
				CLANG_WARN_NON_LITERAL_NULL_CONVERSION = YES;
				CLANG_WARN_OBJC_IMPLICIT_RETAIN_SELF = YES;
				CLANG_WARN_OBJC_LITERAL_CONVERSION = YES;
				CLANG_WARN_OBJC_ROOT_CLASS = YES_ERROR;
				CLANG_WARN_QUOTED_INCLUDE_IN_FRAMEWORK_HEADER = YES;
				CLANG_WARN_RANGE_LOOP_ANALYSIS = YES;
				CLANG_WARN_STRICT_PROTOTYPES = YES;
				CLANG_WARN_SUSPICIOUS_MOVE = YES;
				CLANG_WARN_UNGUARDED_AVAILABILITY = YES_AGGRESSIVE;
				CLANG_WARN_UNREACHABLE_CODE = YES;
				CLANG_WARN__DUPLICATE_METHOD_MATCH = YES;
				COPY_PHASE_STRIP = NO;
				DEBUG_INFORMATION_FORMAT = "dwarf-with-dsym";
				ENABLE_NS_ASSERTIONS = NO;
				ENABLE_STRICT_OBJC_MSGSEND = YES;
				ENABLE_USER_SCRIPT_SANDBOXING = YES;
				GCC_C_LANGUAGE_STANDARD = gnu17;
				GCC_NO_COMMON_BLOCKS = YES;
				GCC_WARN_64_TO_32_BIT_CONVERSION = YES;
				GCC_WARN_ABOUT_RETURN_TYPE = YES_ERROR;
				GCC_WARN_UNDECLARED_SELECTOR = YES;
				GCC_WARN_UNINITIALIZED_AUTOS = YES_AGGRESSIVE;
				GCC_WARN_UNUSED_FUNCTION = YES;
				GCC_WARN_UNUSED_VARIABLE = YES;
				IPHONEOS_DEPLOYMENT_TARGET = 17.0;
				LOCALIZATION_PREFERS_STRING_CATALOGS = YES;
				MTL_ENABLE_DEBUG_INFO = NO;
				MTL_FAST_MATH = YES;
				SDKROOT = iphoneos;
				SWIFT_COMPILATION_MODE = wholemodule;
				VALIDATE_PRODUCT = YES;
			};
			name = Release;
		};
		2CE650A72B066B7F00D17A73 /* Debug */ = {
			isa = XCBuildConfiguration;
			buildSettings = {
				ASSETCATALOG_COMPILER_APPICON_NAME = AppIcon;
				ASSETCATALOG_COMPILER_GLOBAL_ACCENT_COLOR_NAME = AccentColor;
				CODE_SIGN_ENTITLEMENTS = CarelineSwifty/CarelineSwifty.entitlements;
				CODE_SIGN_STYLE = Automatic;
				CURRENT_PROJECT_VERSION = 1;
				DEVELOPMENT_ASSET_PATHS = "\"CarelineSwifty/Preview Content\"";
				DEVELOPMENT_TEAM = 3272ABNW34;
				ENABLE_PREVIEWS = YES;
				GENERATE_INFOPLIST_FILE = YES;
				INFOPLIST_FILE = CarelineSwifty/Info.plist;
				INFOPLIST_KEY_NSCameraUsageDescription = "Augmented Reality";
				INFOPLIST_KEY_NSHealthClinicalHealthRecordsShareUsageDescription = "Want to access health app to read heart rate";
				INFOPLIST_KEY_NSHealthShareUsageDescription = "Want to access health app to read heart rate";
				INFOPLIST_KEY_NSHealthUpdateUsageDescription = "Want to access health app to read heart rate";
				INFOPLIST_KEY_UIApplicationSceneManifest_Generation = YES;
				INFOPLIST_KEY_UIApplicationSupportsIndirectInputEvents = YES;
				INFOPLIST_KEY_UILaunchScreen_Generation = YES;
				INFOPLIST_KEY_UISupportedInterfaceOrientations = UIInterfaceOrientationPortrait;
				IPHONEOS_DEPLOYMENT_TARGET = 15.0;
				LD_RUNPATH_SEARCH_PATHS = (
					"$(inherited)",
					"@executable_path/Frameworks",
				);
				MARKETING_VERSION = 1.0;
				PRODUCT_BUNDLE_IDENTIFIER = pt.ipleiria.CarelineSwifty;
				PRODUCT_NAME = "$(TARGET_NAME)";
				SWIFT_EMIT_LOC_STRINGS = YES;
				SWIFT_VERSION = 5.0;
				TARGETED_DEVICE_FAMILY = "1,2";
			};
			name = Debug;
		};
		2CE650A82B066B7F00D17A73 /* Release */ = {
			isa = XCBuildConfiguration;
			buildSettings = {
				ASSETCATALOG_COMPILER_APPICON_NAME = AppIcon;
				ASSETCATALOG_COMPILER_GLOBAL_ACCENT_COLOR_NAME = AccentColor;
				CODE_SIGN_ENTITLEMENTS = CarelineSwifty/CarelineSwifty.entitlements;
				CODE_SIGN_STYLE = Automatic;
				CURRENT_PROJECT_VERSION = 1;
				DEVELOPMENT_ASSET_PATHS = "\"CarelineSwifty/Preview Content\"";
				DEVELOPMENT_TEAM = 3272ABNW34;
				ENABLE_PREVIEWS = YES;
				"FRAMEWORK_SEARCH_PATHS[arch=*]" = UnityFramework;
				GENERATE_INFOPLIST_FILE = YES;
				INFOPLIST_FILE = CarelineSwifty/Info.plist;
				INFOPLIST_KEY_NSCameraUsageDescription = "Augmented Reality";
				INFOPLIST_KEY_NSHealthClinicalHealthRecordsShareUsageDescription = "Want to access health app to read heart rate";
				INFOPLIST_KEY_NSHealthShareUsageDescription = "Want to access health app to read heart rate";
				INFOPLIST_KEY_NSHealthUpdateUsageDescription = "Want to access health app to read heart rate";
				INFOPLIST_KEY_UIApplicationSceneManifest_Generation = YES;
				INFOPLIST_KEY_UIApplicationSupportsIndirectInputEvents = YES;
				INFOPLIST_KEY_UILaunchScreen_Generation = YES;
				INFOPLIST_KEY_UISupportedInterfaceOrientations = UIInterfaceOrientationPortrait;
				IPHONEOS_DEPLOYMENT_TARGET = 15.0;
				LD_RUNPATH_SEARCH_PATHS = (
					"$(inherited)",
					"@executable_path/Frameworks",
				);
				MARKETING_VERSION = 1.0;
				PRODUCT_BUNDLE_IDENTIFIER = pt.ipleiria.CarelineSwifty;
				PRODUCT_NAME = "$(TARGET_NAME)";
				SWIFT_EMIT_LOC_STRINGS = YES;
				SWIFT_VERSION = 5.0;
				TARGETED_DEVICE_FAMILY = "1,2";
			};
			name = Release;
		};
/* End XCBuildConfiguration section */

/* Begin XCConfigurationList section */
		2CE650932B066B7C00D17A73 /* Build configuration list for PBXProject "CarelineSwiftly" */ = {
			isa = XCConfigurationList;
			buildConfigurations = (
				2CE650A42B066B7F00D17A73 /* Debug */,
				2CE650A52B066B7F00D17A73 /* Release */,
			);
			defaultConfigurationIsVisible = 0;
			defaultConfigurationName = Release;
		};
		2CE650A62B066B7F00D17A73 /* Build configuration list for PBXNativeTarget "CarelineSwifty" */ = {
			isa = XCConfigurationList;
			buildConfigurations = (
				2CE650A72B066B7F00D17A73 /* Debug */,
				2CE650A82B066B7F00D17A73 /* Release */,
			);
			defaultConfigurationIsVisible = 0;
			defaultConfigurationName = Release;
		};
/* End XCConfigurationList section */
	};
	rootObject = 2CE650902B066B7C00D17A73 /* Project object */;
}
